
Microsoft Visual Studio Solution File, Format Version 12.00
# Visual Studio Version 16
VisualStudioVersion = 16.0.29409.12
MinimumVisualStudioVersion = 10.0.40219.1
Project("{9A19103F-16F7-4668-BE54-9A1E7A4F7556}") = "ComicsIDownload", "ComicsIDownload\ComicsIDownload.csproj", "{9FA6439B-28E7-460C-91EE-93FB10CC9A9D}"
EndProject
Project("{9A19103F-16F7-4668-BE54-9A1E7A4F7556}") = "ReadDCInfo", "ReadDCInfo\ReadDCInfo.csproj", "{B030C993-7773-433D-8017-7B5FA558CC93}"
EndProject
Project("{9A19103F-16F7-4668-BE54-9A1E7A4F7556}") = "Add2Database", "Add2Database\Add2Database.csproj", "{D322F106-BF2C-4DDB-80F8-A9274FC13EC5}"
EndProject
Project("{FAE04EC0-301F-11D3-BF4B-00C04F79EFBC}") = "CheckHealthLinks", "CheckHealthLinks\CheckHealthLinks.csproj", "{0D088CE3-0F13-4287-9732-A24FCAF0062F}"
EndProject
Global
	GlobalSection(SolutionConfigurationPlatforms) = preSolution
		Debug|Any CPU = Debug|Any CPU
		Release|Any CPU = Release|Any CPU
	EndGlobalSection
	GlobalSection(ProjectConfigurationPlatforms) = postSolution
		{9FA6439B-28E7-460C-91EE-93FB10CC9A9D}.Debug|Any CPU.ActiveCfg = Debug|Any CPU
		{9FA6439B-28E7-460C-91EE-93FB10CC9A9D}.Debug|Any CPU.Build.0 = Debug|Any CPU
		{9FA6439B-28E7-460C-91EE-93FB10CC9A9D}.Release|Any CPU.ActiveCfg = Release|Any CPU
		{9FA6439B-28E7-460C-91EE-93FB10CC9A9D}.Release|Any CPU.Build.0 = Release|Any CPU
		{B030C993-7773-433D-8017-7B5FA558CC93}.Debug|Any CPU.ActiveCfg = Debug|Any CPU
		{B030C993-7773-433D-8017-7B5FA558CC93}.Debug|Any CPU.Build.0 = Debug|Any CPU
		{B030C993-7773-433D-8017-7B5FA558CC93}.Release|Any CPU.ActiveCfg = Release|Any CPU
		{B030C993-7773-433D-8017-7B5FA558CC93}.Release|Any CPU.Build.0 = Release|Any CPU
		{D322F106-BF2C-4DDB-80F8-A9274FC13EC5}.Debug|Any CPU.ActiveCfg = Debug|Any CPU
		{D322F106-BF2C-4DDB-80F8-A9274FC13EC5}.Debug|Any CPU.Build.0 = Debug|Any CPU
		{D322F106-BF2C-4DDB-80F8-A9274FC13EC5}.Release|Any CPU.ActiveCfg = Release|Any CPU
		{D322F106-BF2C-4DDB-80F8-A9274FC13EC5}.Release|Any CPU.Build.0 = Release|Any CPU
		{0D088CE3-0F13-4287-9732-A24FCAF0062F}.Debug|Any CPU.ActiveCfg = Debug|Any CPU
		{0D088CE3-0F13-4287-9732-A24FCAF0062F}.Debug|Any CPU.Build.0 = Debug|Any CPU
		{0D088CE3-0F13-4287-9732-A24FCAF0062F}.Release|Any CPU.ActiveCfg = Release|Any CPU
		{0D088CE3-0F13-4287-9732-A24FCAF0062F}.Release|Any CPU.Build.0 = Release|Any CPU
	EndGlobalSection
	GlobalSection(SolutionProperties) = preSolution
		HideSolutionNode = FALSE
	EndGlobalSection
	GlobalSection(ExtensibilityGlobals) = postSolution
		SolutionGuid = {7AEBEC54-228E-4D6B-8955-21C67E27738C}
	EndGlobalSection
EndGlobal
